
Microsoft Visual Studio Solution File, Format Version 12.00
# Visual Studio 15
VisualStudioVersion = 15.0.27703.2042
MinimumVisualStudioVersion = 10.0.40219.1
Project("{FAE04EC0-301F-11D3-BF4B-00C04F79EFBC}") = "venue365", "venue365\venue365.csproj", "{7AB4A5E6-C9A1-44BA-9816-02768C152B4E}"
EndProject
Project("{FAE04EC0-301F-11D3-BF4B-00C04F79EFBC}") = "venue365.Tests", "venue365.Tests\venue365.Tests.csproj", "{97D87FA1-9F9E-415F-A496-C9351EB6A848}"
EndProject
Global
	GlobalSection(SolutionConfigurationPlatforms) = preSolution
		Debug|Any CPU = Debug|Any CPU
		Release|Any CPU = Release|Any CPU
	EndGlobalSection
	GlobalSection(ProjectConfigurationPlatforms) = postSolution
		{7AB4A5E6-C9A1-44BA-9816-02768C152B4E}.Debug|Any CPU.ActiveCfg = Debug|Any CPU
		{7AB4A5E6-C9A1-44BA-9816-02768C152B4E}.Debug|Any CPU.Build.0 = Debug|Any CPU
		{7AB4A5E6-C9A1-44BA-9816-02768C152B4E}.Release|Any CPU.ActiveCfg = Release|Any CPU
		{7AB4A5E6-C9A1-44BA-9816-02768C152B4E}.Release|Any CPU.Build.0 = Release|Any CPU
		{97D87FA1-9F9E-415F-A496-C9351EB6A848}.Debug|Any CPU.ActiveCfg = Debug|Any CPU
		{97D87FA1-9F9E-415F-A496-C9351EB6A848}.Debug|Any CPU.Build.0 = Debug|Any CPU
		{97D87FA1-9F9E-415F-A496-C9351EB6A848}.Release|Any CPU.ActiveCfg = Release|Any CPU
		{97D87FA1-9F9E-415F-A496-C9351EB6A848}.Release|Any CPU.Build.0 = Release|Any CPU
	EndGlobalSection
	GlobalSection(SolutionProperties) = preSolution
		HideSolutionNode = FALSE
	EndGlobalSection
	GlobalSection(ExtensibilityGlobals) = postSolution
		SolutionGuid = {E4A075AB-CFF1-4C2C-B3C4-A507ED8409B9}
	EndGlobalSection
EndGlobal
