
Microsoft Visual Studio Solution File, Format Version 12.00
# Visual Studio 15
VisualStudioVersion = 15.0.27703.2042
MinimumVisualStudioVersion = 10.0.40219.1
Project("{FAE04EC0-301F-11D3-BF4B-00C04F79EFBC}") = "venue365", "venue365\venue365.csproj", "{7AB4A5E6-C9A1-44BA-9816-02768C152B4E}"
EndProject
Project("{FAE04EC0-301F-11D3-BF4B-00C04F79EFBC}") = "venue365.Tests", "venue365.Tests\venue365.Tests.csproj", "{97D87FA1-9F9E-415F-A496-C9351EB6A848}"
EndProject
Project("{2150E333-8FDC-42A3-9474-1A3956D46DE8}") = "Libraries", "Libraries", "{4FAAA0E4-631C-4A2C-A732-1EB3D9D9CAE7}"
EndProject
Project("{FAE04EC0-301F-11D3-BF4B-00C04F79EFBC}") = "alainsoftech.core", "Libraries\alainsoftech.core\alainsoftech.core.csproj", "{E4FF7DC8-57E6-4D4A-9A8C-69B11D84ECE8}"
EndProject
Project("{FAE04EC0-301F-11D3-BF4B-00C04F79EFBC}") = "venue365.domain", "venue365.domain\venue365.domain.csproj", "{3BA289FC-0BFD-4B97-95EE-14E0BC6A190E}"
EndProject
Project("{FAE04EC0-301F-11D3-BF4B-00C04F79EFBC}") = "venue365.entities", "venue365.entities\venue365.entities.csproj", "{47A494E8-A27D-4237-8155-36023AB34606}"
EndProject
Project("{FAE04EC0-301F-11D3-BF4B-00C04F79EFBC}") = "venue365.data", "venue365.data\venue365.data.csproj", "{4C9EF695-4909-4328-A15C-1B859A977BEC}"
EndProject
Project("{FAE04EC0-301F-11D3-BF4B-00C04F79EFBC}") = "venue365.framework", "venue365.framework\venue365.framework.csproj", "{BA926BD0-E132-4E11-83EA-096AA702D910}"
EndProject
Global
	GlobalSection(SolutionConfigurationPlatforms) = preSolution
		Debug|Any CPU = Debug|Any CPU
		Release|Any CPU = Release|Any CPU
	EndGlobalSection
	GlobalSection(ProjectConfigurationPlatforms) = postSolution
		{7AB4A5E6-C9A1-44BA-9816-02768C152B4E}.Debug|Any CPU.ActiveCfg = Debug|Any CPU
		{7AB4A5E6-C9A1-44BA-9816-02768C152B4E}.Debug|Any CPU.Build.0 = Debug|Any CPU
		{7AB4A5E6-C9A1-44BA-9816-02768C152B4E}.Release|Any CPU.ActiveCfg = Release|Any CPU
		{7AB4A5E6-C9A1-44BA-9816-02768C152B4E}.Release|Any CPU.Build.0 = Release|Any CPU
		{97D87FA1-9F9E-415F-A496-C9351EB6A848}.Debug|Any CPU.ActiveCfg = Debug|Any CPU
		{97D87FA1-9F9E-415F-A496-C9351EB6A848}.Debug|Any CPU.Build.0 = Debug|Any CPU
		{97D87FA1-9F9E-415F-A496-C9351EB6A848}.Release|Any CPU.ActiveCfg = Release|Any CPU
		{97D87FA1-9F9E-415F-A496-C9351EB6A848}.Release|Any CPU.Build.0 = Release|Any CPU
		{E4FF7DC8-57E6-4D4A-9A8C-69B11D84ECE8}.Debug|Any CPU.ActiveCfg = Debug|Any CPU
		{E4FF7DC8-57E6-4D4A-9A8C-69B11D84ECE8}.Debug|Any CPU.Build.0 = Debug|Any CPU
		{E4FF7DC8-57E6-4D4A-9A8C-69B11D84ECE8}.Release|Any CPU.ActiveCfg = Release|Any CPU
		{E4FF7DC8-57E6-4D4A-9A8C-69B11D84ECE8}.Release|Any CPU.Build.0 = Release|Any CPU
		{3BA289FC-0BFD-4B97-95EE-14E0BC6A190E}.Debug|Any CPU.ActiveCfg = Debug|Any CPU
		{3BA289FC-0BFD-4B97-95EE-14E0BC6A190E}.Debug|Any CPU.Build.0 = Debug|Any CPU
		{3BA289FC-0BFD-4B97-95EE-14E0BC6A190E}.Release|Any CPU.ActiveCfg = Release|Any CPU
		{3BA289FC-0BFD-4B97-95EE-14E0BC6A190E}.Release|Any CPU.Build.0 = Release|Any CPU
		{47A494E8-A27D-4237-8155-36023AB34606}.Debug|Any CPU.ActiveCfg = Debug|Any CPU
		{47A494E8-A27D-4237-8155-36023AB34606}.Debug|Any CPU.Build.0 = Debug|Any CPU
		{47A494E8-A27D-4237-8155-36023AB34606}.Release|Any CPU.ActiveCfg = Release|Any CPU
		{47A494E8-A27D-4237-8155-36023AB34606}.Release|Any CPU.Build.0 = Release|Any CPU
		{4C9EF695-4909-4328-A15C-1B859A977BEC}.Debug|Any CPU.ActiveCfg = Debug|Any CPU
		{4C9EF695-4909-4328-A15C-1B859A977BEC}.Debug|Any CPU.Build.0 = Debug|Any CPU
		{4C9EF695-4909-4328-A15C-1B859A977BEC}.Release|Any CPU.ActiveCfg = Release|Any CPU
		{4C9EF695-4909-4328-A15C-1B859A977BEC}.Release|Any CPU.Build.0 = Release|Any CPU
		{BA926BD0-E132-4E11-83EA-096AA702D910}.Debug|Any CPU.ActiveCfg = Debug|Any CPU
		{BA926BD0-E132-4E11-83EA-096AA702D910}.Debug|Any CPU.Build.0 = Debug|Any CPU
		{BA926BD0-E132-4E11-83EA-096AA702D910}.Release|Any CPU.ActiveCfg = Release|Any CPU
		{BA926BD0-E132-4E11-83EA-096AA702D910}.Release|Any CPU.Build.0 = Release|Any CPU
	EndGlobalSection
	GlobalSection(SolutionProperties) = preSolution
		HideSolutionNode = FALSE
	EndGlobalSection
	GlobalSection(NestedProjects) = preSolution
		{E4FF7DC8-57E6-4D4A-9A8C-69B11D84ECE8} = {4FAAA0E4-631C-4A2C-A732-1EB3D9D9CAE7}
		{3BA289FC-0BFD-4B97-95EE-14E0BC6A190E} = {4FAAA0E4-631C-4A2C-A732-1EB3D9D9CAE7}
		{47A494E8-A27D-4237-8155-36023AB34606} = {4FAAA0E4-631C-4A2C-A732-1EB3D9D9CAE7}
		{4C9EF695-4909-4328-A15C-1B859A977BEC} = {4FAAA0E4-631C-4A2C-A732-1EB3D9D9CAE7}
		{BA926BD0-E132-4E11-83EA-096AA702D910} = {4FAAA0E4-631C-4A2C-A732-1EB3D9D9CAE7}
	EndGlobalSection
	GlobalSection(ExtensibilityGlobals) = postSolution
		SolutionGuid = {E4A075AB-CFF1-4C2C-B3C4-A507ED8409B9}
	EndGlobalSection
EndGlobal
